// !$*UTF8*$!
{
	archiveVersion = 1;
	classes = {
	};
	objectVersion = 77;
	objects = {

/* Begin PBXContainerItemProxy section */
		CFC5BA062D10066D00AF24ED /* PBXContainerItemProxy */ = {
			isa = PBXContainerItemProxy;
			containerPortal = CFC5B9ED2D10066B00AF24ED /* Project object */;
			proxyType = 1;
			remoteGlobalIDString = CFC5B9F42D10066B00AF24ED;
			remoteInfo = "ESP32 Temp App";
		};
		CFC5BA102D10066D00AF24ED /* PBXContainerItemProxy */ = {
			isa = PBXContainerItemProxy;
			containerPortal = CFC5B9ED2D10066B00AF24ED /* Project object */;
			proxyType = 1;
			remoteGlobalIDString = CFC5B9F42D10066B00AF24ED;
			remoteInfo = "ESP32 Temp App";
		};
/* End PBXContainerItemProxy section */

/* Begin PBXFileReference section */
		CFC5B9F52D10066B00AF24ED /* ESP32 Temp App.app */ = {isa = PBXFileReference; explicitFileType = wrapper.application; includeInIndex = 0; path = "ESP32 Temp App.app"; sourceTree = BUILT_PRODUCTS_DIR; };
		CFC5BA052D10066D00AF24ED /* ESP32 Temp AppTests.xctest */ = {isa = PBXFileReference; explicitFileType = wrapper.cfbundle; includeInIndex = 0; path = "ESP32 Temp AppTests.xctest"; sourceTree = BUILT_PRODUCTS_DIR; };
		CFC5BA0F2D10066D00AF24ED /* ESP32 Temp AppUITests.xctest */ = {isa = PBXFileReference; explicitFileType = wrapper.cfbundle; includeInIndex = 0; path = "ESP32 Temp AppUITests.xctest"; sourceTree = BUILT_PRODUCTS_DIR; };
/* End PBXFileReference section */

/* Begin PBXFileSystemSynchronizedRootGroup section */
		CFC5B9F72D10066B00AF24ED /* ESP32 Temp App */ = {
			isa = PBXFileSystemSynchronizedRootGroup;
			path = "ESP32 Temp App";
			sourceTree = "<group>";
		};
		CFC5BA082D10066D00AF24ED /* ESP32 Temp AppTests */ = {
			isa = PBXFileSystemSynchronizedRootGroup;
			path = "ESP32 Temp AppTests";
			sourceTree = "<group>";
		};
		CFC5BA122D10066D00AF24ED /* ESP32 Temp AppUITests */ = {
			isa = PBXFileSystemSynchronizedRootGroup;
			path = "ESP32 Temp AppUITests";
			sourceTree = "<group>";
		};
/* End PBXFileSystemSynchronizedRootGroup section */

/* Begin PBXFrameworksBuildPhase section */
		CFC5B9F22D10066B00AF24ED /* Frameworks */ = {
			isa = PBXFrameworksBuildPhase;
			buildActionMask = 2147483647;
			files = (
			);
			runOnlyForDeploymentPostprocessing = 0;
		};
		CFC5BA022D10066D00AF24ED /* Frameworks */ = {
			isa = PBXFrameworksBuildPhase;
			buildActionMask = 2147483647;
			files = (
			);
			runOnlyForDeploymentPostprocessing = 0;
		};
		CFC5BA0C2D10066D00AF24ED /* Frameworks */ = {
			isa = PBXFrameworksBuildPhase;
			buildActionMask = 2147483647;
			files = (
			);
			runOnlyForDeploymentPostprocessing = 0;
		};
/* End PBXFrameworksBuildPhase section */

/* Begin PBXGroup section */
		CFC5B9EC2D10066B00AF24ED = {
			isa = PBXGroup;
			children = (
				CFC5B9F72D10066B00AF24ED /* ESP32 Temp App */,
				CFC5BA082D10066D00AF24ED /* ESP32 Temp AppTests */,
				CFC5BA122D10066D00AF24ED /* ESP32 Temp AppUITests */,
				CFC5B9F62D10066B00AF24ED /* Products */,
			);
			sourceTree = "<group>";
		};
		CFC5B9F62D10066B00AF24ED /* Products */ = {
			isa = PBXGroup;
			children = (
				CFC5B9F52D10066B00AF24ED /* ESP32 Temp App.app */,
				CFC5BA052D10066D00AF24ED /* ESP32 Temp AppTests.xctest */,
				CFC5BA0F2D10066D00AF24ED /* ESP32 Temp AppUITests.xctest */,
			);
			name = Products;
			sourceTree = "<group>";
		};
/* End PBXGroup section */

/* Begin PBXNativeTarget section */
		CFC5B9F42D10066B00AF24ED /* ESP32 Temp App */ = {
			isa = PBXNativeTarget;
			buildConfigurationList = CFC5BA192D10066D00AF24ED /* Build configuration list for PBXNativeTarget "ESP32 Temp App" */;
			buildPhases = (
				CFC5B9F12D10066B00AF24ED /* Sources */,
				CFC5B9F22D10066B00AF24ED /* Frameworks */,
				CFC5B9F32D10066B00AF24ED /* Resources */,
			);
			buildRules = (
			);
			dependencies = (
			);
			fileSystemSynchronizedGroups = (
				CFC5B9F72D10066B00AF24ED /* ESP32 Temp App */,
			);
			name = "ESP32 Temp App";
			packageProductDependencies = (
			);
			productName = "ESP32 Temp App";
			productReference = CFC5B9F52D10066B00AF24ED /* ESP32 Temp App.app */;
			productType = "com.apple.product-type.application";
		};
		CFC5BA042D10066D00AF24ED /* ESP32 Temp AppTests */ = {
			isa = PBXNativeTarget;
			buildConfigurationList = CFC5BA1C2D10066D00AF24ED /* Build configuration list for PBXNativeTarget "ESP32 Temp AppTests" */;
			buildPhases = (
				CFC5BA012D10066D00AF24ED /* Sources */,
				CFC5BA022D10066D00AF24ED /* Frameworks */,
				CFC5BA032D10066D00AF24ED /* Resources */,
			);
			buildRules = (
			);
			dependencies = (
				CFC5BA072D10066D00AF24ED /* PBXTargetDependency */,
			);
			fileSystemSynchronizedGroups = (
				CFC5BA082D10066D00AF24ED /* ESP32 Temp AppTests */,
			);
			name = "ESP32 Temp AppTests";
			packageProductDependencies = (
			);
			productName = "ESP32 Temp AppTests";
			productReference = CFC5BA052D10066D00AF24ED /* ESP32 Temp AppTests.xctest */;
			productType = "com.apple.product-type.bundle.unit-test";
		};
		CFC5BA0E2D10066D00AF24ED /* ESP32 Temp AppUITests */ = {
			isa = PBXNativeTarget;
			buildConfigurationList = CFC5BA1F2D10066D00AF24ED /* Build configuration list for PBXNativeTarget "ESP32 Temp AppUITests" */;
			buildPhases = (
				CFC5BA0B2D10066D00AF24ED /* Sources */,
				CFC5BA0C2D10066D00AF24ED /* Frameworks */,
				CFC5BA0D2D10066D00AF24ED /* Resources */,
			);
			buildRules = (
			);
			dependencies = (
				CFC5BA112D10066D00AF24ED /* PBXTargetDependency */,
			);
			fileSystemSynchronizedGroups = (
				CFC5BA122D10066D00AF24ED /* ESP32 Temp AppUITests */,
			);
			name = "ESP32 Temp AppUITests";
			packageProductDependencies = (
			);
			productName = "ESP32 Temp AppUITests";
			productReference = CFC5BA0F2D10066D00AF24ED /* ESP32 Temp AppUITests.xctest */;
			productType = "com.apple.product-type.bundle.ui-testing";
		};
/* End PBXNativeTarget section */

/* Begin PBXProject section */
		CFC5B9ED2D10066B00AF24ED /* Project object */ = {
			isa = PBXProject;
			attributes = {
				BuildIndependentTargetsInParallel = 1;
				LastSwiftUpdateCheck = 1600;
				LastUpgradeCheck = 1600;
				TargetAttributes = {
					CFC5B9F42D10066B00AF24ED = {
						CreatedOnToolsVersion = 16.0;
					};
					CFC5BA042D10066D00AF24ED = {
						CreatedOnToolsVersion = 16.0;
						TestTargetID = CFC5B9F42D10066B00AF24ED;
					};
					CFC5BA0E2D10066D00AF24ED = {
						CreatedOnToolsVersion = 16.0;
						TestTargetID = CFC5B9F42D10066B00AF24ED;
					};
				};
			};
			buildConfigurationList = CFC5B9F02D10066B00AF24ED /* Build configuration list for PBXProject "ESP32 Temp App" */;
			developmentRegion = en;
			hasScannedForEncodings = 0;
			knownRegions = (
				en,
				Base,
			);
			mainGroup = CFC5B9EC2D10066B00AF24ED;
			minimizedProjectReferenceProxies = 1;
			preferredProjectObjectVersion = 77;
			productRefGroup = CFC5B9F62D10066B00AF24ED /* Products */;
			projectDirPath = "";
			projectRoot = "";
			targets = (
				CFC5B9F42D10066B00AF24ED /* ESP32 Temp App */,
				CFC5BA042D10066D00AF24ED /* ESP32 Temp AppTests */,
				CFC5BA0E2D10066D00AF24ED /* ESP32 Temp AppUITests */,
			);
		};
/* End PBXProject section */

/* Begin PBXResourcesBuildPhase section */
		CFC5B9F32D10066B00AF24ED /* Resources */ = {
			isa = PBXResourcesBuildPhase;
			buildActionMask = 2147483647;
			files = (
			);
			runOnlyForDeploymentPostprocessing = 0;
		};
		CFC5BA032D10066D00AF24ED /* Resources */ = {
			isa = PBXResourcesBuildPhase;
			buildActionMask = 2147483647;
			files = (
			);
			runOnlyForDeploymentPostprocessing = 0;
		};
		CFC5BA0D2D10066D00AF24ED /* Resources */ = {
			isa = PBXResourcesBuildPhase;
			buildActionMask = 2147483647;
			files = (
			);
			runOnlyForDeploymentPostprocessing = 0;
		};
/* End PBXResourcesBuildPhase section */

/* Begin PBXSourcesBuildPhase section */
		CFC5B9F12D10066B00AF24ED /* Sources */ = {
			isa = PBXSourcesBuildPhase;
			buildActionMask = 2147483647;
			files = (
			);
			runOnlyForDeploymentPostprocessing = 0;
		};
		CFC5BA012D10066D00AF24ED /* Sources */ = {
			isa = PBXSourcesBuildPhase;
			buildActionMask = 2147483647;
			files = (
			);
			runOnlyForDeploymentPostprocessing = 0;
		};
		CFC5BA0B2D10066D00AF24ED /* Sources */ = {
			isa = PBXSourcesBuildPhase;
			buildActionMask = 2147483647;
			files = (
			);
			runOnlyForDeploymentPostprocessing = 0;
		};
/* End PBXSourcesBuildPhase section */

/* Begin PBXTargetDependency section */
		CFC5BA072D10066D00AF24ED /* PBXTargetDependency */ = {
			isa = PBXTargetDependency;
			target = CFC5B9F42D10066B00AF24ED /* ESP32 Temp App */;
			targetProxy = CFC5BA062D10066D00AF24ED /* PBXContainerItemProxy */;
		};
		CFC5BA112D10066D00AF24ED /* PBXTargetDependency */ = {
			isa = PBXTargetDependency;
			target = CFC5B9F42D10066B00AF24ED /* ESP32 Temp App */;
			targetProxy = CFC5BA102D10066D00AF24ED /* PBXContainerItemProxy */;
		};
/* End PBXTargetDependency section */

/* Begin XCBuildConfiguration section */
		CFC5BA172D10066D00AF24ED /* Debug */ = {
			isa = XCBuildConfiguration;
			buildSettings = {
				ALWAYS_SEARCH_USER_PATHS = NO;
				ASSETCATALOG_COMPILER_GENERATE_SWIFT_ASSET_SYMBOL_EXTENSIONS = YES;
				CLANG_ANALYZER_NONNULL = YES;
				CLANG_ANALYZER_NUMBER_OBJECT_CONVERSION = YES_AGGRESSIVE;
				CLANG_CXX_LANGUAGE_STANDARD = "gnu++20";
				CLANG_ENABLE_MODULES = YES;
				CLANG_ENABLE_OBJC_ARC = YES;
				CLANG_ENABLE_OBJC_WEAK = YES;
				CLANG_WARN_BLOCK_CAPTURE_AUTORELEASING = YES;
				CLANG_WARN_BOOL_CONVERSION = YES;
				CLANG_WARN_COMMA = YES;
				CLANG_WARN_CONSTANT_CONVERSION = YES;
				CLANG_WARN_DEPRECATED_OBJC_IMPLEMENTATIONS = YES;
				CLANG_WARN_DIRECT_OBJC_ISA_USAGE = YES_ERROR;
				CLANG_WARN_DOCUMENTATION_COMMENTS = YES;
				CLANG_WARN_EMPTY_BODY = YES;
				CLANG_WARN_ENUM_CONVERSION = YES;
				CLANG_WARN_INFINITE_RECURSION = YES;
				CLANG_WARN_INT_CONVERSION = YES;
				CLANG_WARN_NON_LITERAL_NULL_CONVERSION = YES;
				CLANG_WARN_OBJC_IMPLICIT_RETAIN_SELF = YES;
				CLANG_WARN_OBJC_LITERAL_CONVERSION = YES;
				CLANG_WARN_OBJC_ROOT_CLASS = YES_ERROR;
				CLANG_WARN_QUOTED_INCLUDE_IN_FRAMEWORK_HEADER = YES;
				CLANG_WARN_RANGE_LOOP_ANALYSIS = YES;
				CLANG_WARN_STRICT_PROTOTYPES = YES;
				CLANG_WARN_SUSPICIOUS_MOVE = YES;
				CLANG_WARN_UNGUARDED_AVAILABILITY = YES_AGGRESSIVE;
				CLANG_WARN_UNREACHABLE_CODE = YES;
				CLANG_WARN__DUPLICATE_METHOD_MATCH = YES;
				COPY_PHASE_STRIP = NO;
				DEBUG_INFORMATION_FORMAT = dwarf;
				ENABLE_STRICT_OBJC_MSGSEND = YES;
				ENABLE_TESTABILITY = YES;
				ENABLE_USER_SCRIPT_SANDBOXING = YES;
				GCC_C_LANGUAGE_STANDARD = gnu17;
				GCC_DYNAMIC_NO_PIC = NO;
				GCC_NO_COMMON_BLOCKS = YES;
				GCC_OPTIMIZATION_LEVEL = 0;
				GCC_PREPROCESSOR_DEFINITIONS = (
					"DEBUG=1",
					"$(inherited)",
				);
				GCC_WARN_64_TO_32_BIT_CONVERSION = YES;
				GCC_WARN_ABOUT_RETURN_TYPE = YES_ERROR;
				GCC_WARN_UNDECLARED_SELECTOR = YES;
				GCC_WARN_UNINITIALIZED_AUTOS = YES_AGGRESSIVE;
				GCC_WARN_UNUSED_FUNCTION = YES;
				GCC_WARN_UNUSED_VARIABLE = YES;
				IPHONEOS_DEPLOYMENT_TARGET = 18.0;
				LOCALIZATION_PREFERS_STRING_CATALOGS = YES;
				MTL_ENABLE_DEBUG_INFO = INCLUDE_SOURCE;
				MTL_FAST_MATH = YES;
				ONLY_ACTIVE_ARCH = YES;
				SDKROOT = iphoneos;
				SWIFT_ACTIVE_COMPILATION_CONDITIONS = "DEBUG $(inherited)";
				SWIFT_OPTIMIZATION_LEVEL = "-Onone";
			};
			name = Debug;
		};
		CFC5BA182D10066D00AF24ED /* Release */ = {
			isa = XCBuildConfiguration;
			buildSettings = {
				ALWAYS_SEARCH_USER_PATHS = NO;
				ASSETCATALOG_COMPILER_GENERATE_SWIFT_ASSET_SYMBOL_EXTENSIONS = YES;
				CLANG_ANALYZER_NONNULL = YES;
				CLANG_ANALYZER_NUMBER_OBJECT_CONVERSION = YES_AGGRESSIVE;
				CLANG_CXX_LANGUAGE_STANDARD = "gnu++20";
				CLANG_ENABLE_MODULES = YES;
				CLANG_ENABLE_OBJC_ARC = YES;
				CLANG_ENABLE_OBJC_WEAK = YES;
				CLANG_WARN_BLOCK_CAPTURE_AUTORELEASING = YES;
				CLANG_WARN_BOOL_CONVERSION = YES;
				CLANG_WARN_COMMA = YES;
				CLANG_WARN_CONSTANT_CONVERSION = YES;
				CLANG_WARN_DEPRECATED_OBJC_IMPLEMENTATIONS = YES;
				CLANG_WARN_DIRECT_OBJC_ISA_USAGE = YES_ERROR;
				CLANG_WARN_DOCUMENTATION_COMMENTS = YES;
				CLANG_WARN_EMPTY_BODY = YES;
				CLANG_WARN_ENUM_CONVERSION = YES;
				CLANG_WARN_INFINITE_RECURSION = YES;
				CLANG_WARN_INT_CONVERSION = YES;
				CLANG_WARN_NON_LITERAL_NULL_CONVERSION = YES;
				CLANG_WARN_OBJC_IMPLICIT_RETAIN_SELF = YES;
				CLANG_WARN_OBJC_LITERAL_CONVERSION = YES;
				CLANG_WARN_OBJC_ROOT_CLASS = YES_ERROR;
				CLANG_WARN_QUOTED_INCLUDE_IN_FRAMEWORK_HEADER = YES;
				CLANG_WARN_RANGE_LOOP_ANALYSIS = YES;
				CLANG_WARN_STRICT_PROTOTYPES = YES;
				CLANG_WARN_SUSPICIOUS_MOVE = YES;
				CLANG_WARN_UNGUARDED_AVAILABILITY = YES_AGGRESSIVE;
				CLANG_WARN_UNREACHABLE_CODE = YES;
				CLANG_WARN__DUPLICATE_METHOD_MATCH = YES;
				COPY_PHASE_STRIP = NO;
				DEBUG_INFORMATION_FORMAT = "dwarf-with-dsym";
				ENABLE_NS_ASSERTIONS = NO;
				ENABLE_STRICT_OBJC_MSGSEND = YES;
				ENABLE_USER_SCRIPT_SANDBOXING = YES;
				GCC_C_LANGUAGE_STANDARD = gnu17;
				GCC_NO_COMMON_BLOCKS = YES;
				GCC_WARN_64_TO_32_BIT_CONVERSION = YES;
				GCC_WARN_ABOUT_RETURN_TYPE = YES_ERROR;
				GCC_WARN_UNDECLARED_SELECTOR = YES;
				GCC_WARN_UNINITIALIZED_AUTOS = YES_AGGRESSIVE;
				GCC_WARN_UNUSED_FUNCTION = YES;
				GCC_WARN_UNUSED_VARIABLE = YES;
				IPHONEOS_DEPLOYMENT_TARGET = 18.0;
				LOCALIZATION_PREFERS_STRING_CATALOGS = YES;
				MTL_ENABLE_DEBUG_INFO = NO;
				MTL_FAST_MATH = YES;
				SDKROOT = iphoneos;
				SWIFT_COMPILATION_MODE = wholemodule;
				VALIDATE_PRODUCT = YES;
			};
			name = Release;
		};
		CFC5BA1A2D10066D00AF24ED /* Debug */ = {
			isa = XCBuildConfiguration;
			buildSettings = {
				ASSETCATALOG_COMPILER_APPICON_NAME = AppIcon;
				ASSETCATALOG_COMPILER_GLOBAL_ACCENT_COLOR_NAME = AccentColor;
				CODE_SIGN_STYLE = Automatic;
				CURRENT_PROJECT_VERSION = 1;
				DEVELOPMENT_ASSET_PATHS = "\"ESP32 Temp App/Preview Content\"";
				ENABLE_PREVIEWS = YES;
				GENERATE_INFOPLIST_FILE = YES;
				INFOPLIST_KEY_UIApplicationSceneManifest_Generation = YES;
				INFOPLIST_KEY_UIApplicationSupportsIndirectInputEvents = YES;
				INFOPLIST_KEY_UILaunchScreen_Generation = YES;
				INFOPLIST_KEY_UISupportedInterfaceOrientations_iPad = "UIInterfaceOrientationPortrait UIInterfaceOrientationPortraitUpsideDown UIInterfaceOrientationLandscapeLeft UIInterfaceOrientationLandscapeRight";
				INFOPLIST_KEY_UISupportedInterfaceOrientations_iPhone = "UIInterfaceOrientationPortrait UIInterfaceOrientationLandscapeLeft UIInterfaceOrientationLandscapeRight";
				LD_RUNPATH_SEARCH_PATHS = (
					"$(inherited)",
					"@executable_path/Frameworks",
				);
				MARKETING_VERSION = 1.0;
				PRODUCT_BUNDLE_IDENTIFIER = "sh1vam2507.ESP32-Temp-App";
				PRODUCT_NAME = "$(TARGET_NAME)";
				SWIFT_EMIT_LOC_STRINGS = YES;
				SWIFT_VERSION = 5.0;
				TARGETED_DEVICE_FAMILY = "1,2";
			};
			name = Debug;
		};
		CFC5BA1B2D10066D00AF24ED /* Release */ = {
			isa = XCBuildConfiguration;
			buildSettings = {
				ASSETCATALOG_COMPILER_APPICON_NAME = AppIcon;
				ASSETCATALOG_COMPILER_GLOBAL_ACCENT_COLOR_NAME = AccentColor;
				CODE_SIGN_STYLE = Automatic;
				CURRENT_PROJECT_VERSION = 1;
				DEVELOPMENT_ASSET_PATHS = "\"ESP32 Temp App/Preview Content\"";
				ENABLE_PREVIEWS = YES;
				GENERATE_INFOPLIST_FILE = YES;
				INFOPLIST_KEY_UIApplicationSceneManifest_Generation = YES;
				INFOPLIST_KEY_UIApplicationSupportsIndirectInputEvents = YES;
				INFOPLIST_KEY_UILaunchScreen_Generation = YES;
				INFOPLIST_KEY_UISupportedInterfaceOrientations_iPad = "UIInterfaceOrientationPortrait UIInterfaceOrientationPortraitUpsideDown UIInterfaceOrientationLandscapeLeft UIInterfaceOrientationLandscapeRight";
				INFOPLIST_KEY_UISupportedInterfaceOrientations_iPhone = "UIInterfaceOrientationPortrait UIInterfaceOrientationLandscapeLeft UIInterfaceOrientationLandscapeRight";
				LD_RUNPATH_SEARCH_PATHS = (
					"$(inherited)",
					"@executable_path/Frameworks",
				);
				MARKETING_VERSION = 1.0;
				PRODUCT_BUNDLE_IDENTIFIER = "sh1vam2507.ESP32-Temp-App";
				PRODUCT_NAME = "$(TARGET_NAME)";
				SWIFT_EMIT_LOC_STRINGS = YES;
				SWIFT_VERSION = 5.0;
				TARGETED_DEVICE_FAMILY = "1,2";
			};
			name = Release;
		};
		CFC5BA1D2D10066D00AF24ED /* Debug */ = {
			isa = XCBuildConfiguration;
			buildSettings = {
				BUNDLE_LOADER = "$(TEST_HOST)";
				CODE_SIGN_STYLE = Automatic;
				CURRENT_PROJECT_VERSION = 1;
				GENERATE_INFOPLIST_FILE = YES;
				IPHONEOS_DEPLOYMENT_TARGET = 18.0;
				MARKETING_VERSION = 1.0;
				PRODUCT_BUNDLE_IDENTIFIER = "sh1vam2507.ESP32-Temp-AppTests";
				PRODUCT_NAME = "$(TARGET_NAME)";
				SWIFT_EMIT_LOC_STRINGS = NO;
				SWIFT_VERSION = 5.0;
				TARGETED_DEVICE_FAMILY = "1,2";
				TEST_HOST = "$(BUILT_PRODUCTS_DIR)/ESP32 Temp App.app/$(BUNDLE_EXECUTABLE_FOLDER_PATH)/ESP32 Temp App";
			};
			name = Debug;
		};
		CFC5BA1E2D10066D00AF24ED /* Release */ = {
			isa = XCBuildConfiguration;
			buildSettings = {
				BUNDLE_LOADER = "$(TEST_HOST)";
				CODE_SIGN_STYLE = Automatic;
				CURRENT_PROJECT_VERSION = 1;
				GENERATE_INFOPLIST_FILE = YES;
				IPHONEOS_DEPLOYMENT_TARGET = 18.0;
				MARKETING_VERSION = 1.0;
				PRODUCT_BUNDLE_IDENTIFIER = "sh1vam2507.ESP32-Temp-AppTests";
				PRODUCT_NAME = "$(TARGET_NAME)";
				SWIFT_EMIT_LOC_STRINGS = NO;
				SWIFT_VERSION = 5.0;
				TARGETED_DEVICE_FAMILY = "1,2";
				TEST_HOST = "$(BUILT_PRODUCTS_DIR)/ESP32 Temp App.app/$(BUNDLE_EXECUTABLE_FOLDER_PATH)/ESP32 Temp App";
			};
			name = Release;
		};
		CFC5BA202D10066D00AF24ED /* Debug */ = {
			isa = XCBuildConfiguration;
			buildSettings = {
				CODE_SIGN_STYLE = Automatic;
				CURRENT_PROJECT_VERSION = 1;
				GENERATE_INFOPLIST_FILE = YES;
				MARKETING_VERSION = 1.0;
				PRODUCT_BUNDLE_IDENTIFIER = "sh1vam2507.ESP32-Temp-AppUITests";
				PRODUCT_NAME = "$(TARGET_NAME)";
				SWIFT_EMIT_LOC_STRINGS = NO;
				SWIFT_VERSION = 5.0;
				TARGETED_DEVICE_FAMILY = "1,2";
				TEST_TARGET_NAME = "ESP32 Temp App";
			};
			name = Debug;
		};
		CFC5BA212D10066D00AF24ED /* Release */ = {
			isa = XCBuildConfiguration;
			buildSettings = {
				CODE_SIGN_STYLE = Automatic;
				CURRENT_PROJECT_VERSION = 1;
				GENERATE_INFOPLIST_FILE = YES;
				MARKETING_VERSION = 1.0;
				PRODUCT_BUNDLE_IDENTIFIER = "sh1vam2507.ESP32-Temp-AppUITests";
				PRODUCT_NAME = "$(TARGET_NAME)";
				SWIFT_EMIT_LOC_STRINGS = NO;
				SWIFT_VERSION = 5.0;
				TARGETED_DEVICE_FAMILY = "1,2";
				TEST_TARGET_NAME = "ESP32 Temp App";
			};
			name = Release;
		};
/* End XCBuildConfiguration section */

/* Begin XCConfigurationList section */
		CFC5B9F02D10066B00AF24ED /* Build configuration list for PBXProject "ESP32 Temp App" */ = {
			isa = XCConfigurationList;
			buildConfigurations = (
				CFC5BA172D10066D00AF24ED /* Debug */,
				CFC5BA182D10066D00AF24ED /* Release */,
			);
			defaultConfigurationIsVisible = 0;
			defaultConfigurationName = Release;
		};
		CFC5BA192D10066D00AF24ED /* Build configuration list for PBXNativeTarget "ESP32 Temp App" */ = {
			isa = XCConfigurationList;
			buildConfigurations = (
				CFC5BA1A2D10066D00AF24ED /* Debug */,
				CFC5BA1B2D10066D00AF24ED /* Release */,
			);
			defaultConfigurationIsVisible = 0;
			defaultConfigurationName = Release;
		};
		CFC5BA1C2D10066D00AF24ED /* Build configuration list for PBXNativeTarget "ESP32 Temp AppTests" */ = {
			isa = XCConfigurationList;
			buildConfigurations = (
				CFC5BA1D2D10066D00AF24ED /* Debug */,
				CFC5BA1E2D10066D00AF24ED /* Release */,
			);
			defaultConfigurationIsVisible = 0;
			defaultConfigurationName = Release;
		};
		CFC5BA1F2D10066D00AF24ED /* Build configuration list for PBXNativeTarget "ESP32 Temp AppUITests" */ = {
			isa = XCConfigurationList;
			buildConfigurations = (
				CFC5BA202D10066D00AF24ED /* Debug */,
				CFC5BA212D10066D00AF24ED /* Release */,
			);
			defaultConfigurationIsVisible = 0;
			defaultConfigurationName = Release;
		};
/* End XCConfigurationList section */
	};
	rootObject = CFC5B9ED2D10066B00AF24ED /* Project object */;
}
